// !$*UTF8*$!
{
	archiveVersion = 1;
	classes = {
	};
	objectVersion = 56;
	objects = {

/* Begin PBXBuildFile section */
		EB8B5CDA2A25853F00CCF1BE /* AppDelegate.swift in Sources */ = {isa = PBXBuildFile; fileRef = EB8B5CD92A25853F00CCF1BE /* AppDelegate.swift */; };
		EB8B5CDC2A25853F00CCF1BE /* SceneDelegate.swift in Sources */ = {isa = PBXBuildFile; fileRef = EB8B5CDB2A25853F00CCF1BE /* SceneDelegate.swift */; };
		EB8B5CE12A25853F00CCF1BE /* Main.storyboard in Resources */ = {isa = PBXBuildFile; fileRef = EB8B5CDF2A25853F00CCF1BE /* Main.storyboard */; };
		EB8B5CE42A25853F00CCF1BE /* UPickiOS.xcdatamodeld in Sources */ = {isa = PBXBuildFile; fileRef = EB8B5CE22A25853F00CCF1BE /* UPickiOS.xcdatamodeld */; };
		EB8B5CE62A25854000CCF1BE /* Assets.xcassets in Resources */ = {isa = PBXBuildFile; fileRef = EB8B5CE52A25854000CCF1BE /* Assets.xcassets */; };
		EB8B5CE92A25854000CCF1BE /* LaunchScreen.storyboard in Resources */ = {isa = PBXBuildFile; fileRef = EB8B5CE72A25854000CCF1BE /* LaunchScreen.storyboard */; };
		EBE2B5002A2BED7700F40D3E /* HomeViewController.swift in Sources */ = {isa = PBXBuildFile; fileRef = EBE2B4FF2A2BED7700F40D3E /* HomeViewController.swift */; };
		EBE2B5022A2BEDD400F40D3E /* UPickRequest.swift in Sources */ = {isa = PBXBuildFile; fileRef = EBE2B5012A2BEDD400F40D3E /* UPickRequest.swift */; };
		EBE2B5042A2BEE3000F40D3E /* UPickEndPoint.swift in Sources */ = {isa = PBXBuildFile; fileRef = EBE2B5032A2BEE3000F40D3E /* UPickEndPoint.swift */; };
		EBE2B5062A2BEED600F40D3E /* UPickService.swift in Sources */ = {isa = PBXBuildFile; fileRef = EBE2B5052A2BEED600F40D3E /* UPickService.swift */; };
		EBE2B5082A2BEF2300F40D3E /* UPickCacheManager.swift in Sources */ = {isa = PBXBuildFile; fileRef = EBE2B5072A2BEF2300F40D3E /* UPickCacheManager.swift */; };
		EBE2B50A2A2BF21300F40D3E /* UPickFarm.swift in Sources */ = {isa = PBXBuildFile; fileRef = EBE2B5092A2BF21300F40D3E /* UPickFarm.swift */; };
		EBE2B50C2A2BF46200F40D3E /* UPickPlant.swift in Sources */ = {isa = PBXBuildFile; fileRef = EBE2B50B2A2BF46200F40D3E /* UPickPlant.swift */; };
		EBE2B50F2A2BF5E600F40D3E /* UPickListFarmsResponse.swift in Sources */ = {isa = PBXBuildFile; fileRef = EBE2B50E2A2BF5E600F40D3E /* UPickListFarmsResponse.swift */; };
		EBE2B5112A2BF69A00F40D3E /* UPickListResponseInfo.swift in Sources */ = {isa = PBXBuildFile; fileRef = EBE2B5102A2BF69A00F40D3E /* UPickListResponseInfo.swift */; };
/* End PBXBuildFile section */

/* Begin PBXFileReference section */
		EB8B5CD62A25853F00CCF1BE /* UPickiOS.app */ = {isa = PBXFileReference; explicitFileType = wrapper.application; includeInIndex = 0; path = UPickiOS.app; sourceTree = BUILT_PRODUCTS_DIR; };
		EB8B5CD92A25853F00CCF1BE /* AppDelegate.swift */ = {isa = PBXFileReference; lastKnownFileType = sourcecode.swift; path = AppDelegate.swift; sourceTree = "<group>"; };
		EB8B5CDB2A25853F00CCF1BE /* SceneDelegate.swift */ = {isa = PBXFileReference; lastKnownFileType = sourcecode.swift; path = SceneDelegate.swift; sourceTree = "<group>"; };
		EB8B5CE02A25853F00CCF1BE /* Base */ = {isa = PBXFileReference; lastKnownFileType = file.storyboard; name = Base; path = Base.lproj/Main.storyboard; sourceTree = "<group>"; };
		EB8B5CE32A25853F00CCF1BE /* UPickiOS.xcdatamodel */ = {isa = PBXFileReference; lastKnownFileType = wrapper.xcdatamodel; path = UPickiOS.xcdatamodel; sourceTree = "<group>"; };
		EB8B5CE52A25854000CCF1BE /* Assets.xcassets */ = {isa = PBXFileReference; lastKnownFileType = folder.assetcatalog; path = Assets.xcassets; sourceTree = "<group>"; };
		EB8B5CE82A25854000CCF1BE /* Base */ = {isa = PBXFileReference; lastKnownFileType = file.storyboard; name = Base; path = Base.lproj/LaunchScreen.storyboard; sourceTree = "<group>"; };
		EB8B5CEA2A25854000CCF1BE /* Info.plist */ = {isa = PBXFileReference; lastKnownFileType = text.plist.xml; path = Info.plist; sourceTree = "<group>"; };
		EBE2B4FF2A2BED7700F40D3E /* HomeViewController.swift */ = {isa = PBXFileReference; lastKnownFileType = sourcecode.swift; path = HomeViewController.swift; sourceTree = "<group>"; };
		EBE2B5012A2BEDD400F40D3E /* UPickRequest.swift */ = {isa = PBXFileReference; lastKnownFileType = sourcecode.swift; path = UPickRequest.swift; sourceTree = "<group>"; };
		EBE2B5032A2BEE3000F40D3E /* UPickEndPoint.swift */ = {isa = PBXFileReference; lastKnownFileType = sourcecode.swift; path = UPickEndPoint.swift; sourceTree = "<group>"; };
		EBE2B5052A2BEED600F40D3E /* UPickService.swift */ = {isa = PBXFileReference; lastKnownFileType = sourcecode.swift; path = UPickService.swift; sourceTree = "<group>"; };
		EBE2B5072A2BEF2300F40D3E /* UPickCacheManager.swift */ = {isa = PBXFileReference; lastKnownFileType = sourcecode.swift; path = UPickCacheManager.swift; sourceTree = "<group>"; };
		EBE2B5092A2BF21300F40D3E /* UPickFarm.swift */ = {isa = PBXFileReference; lastKnownFileType = sourcecode.swift; path = UPickFarm.swift; sourceTree = "<group>"; };
		EBE2B50B2A2BF46200F40D3E /* UPickPlant.swift */ = {isa = PBXFileReference; lastKnownFileType = sourcecode.swift; path = UPickPlant.swift; sourceTree = "<group>"; };
		EBE2B50E2A2BF5E600F40D3E /* UPickListFarmsResponse.swift */ = {isa = PBXFileReference; lastKnownFileType = sourcecode.swift; path = UPickListFarmsResponse.swift; sourceTree = "<group>"; };
		EBE2B5102A2BF69A00F40D3E /* UPickListResponseInfo.swift */ = {isa = PBXFileReference; lastKnownFileType = sourcecode.swift; path = UPickListResponseInfo.swift; sourceTree = "<group>"; };
/* End PBXFileReference section */

/* Begin PBXFrameworksBuildPhase section */
		EB8B5CD32A25853F00CCF1BE /* Frameworks */ = {
			isa = PBXFrameworksBuildPhase;
			buildActionMask = 2147483647;
			files = (
			);
			runOnlyForDeploymentPostprocessing = 0;
		};
/* End PBXFrameworksBuildPhase section */

/* Begin PBXGroup section */
		EB8B5CCD2A25853F00CCF1BE = {
			isa = PBXGroup;
			children = (
				EB8B5CD82A25853F00CCF1BE /* UPickiOS */,
				EB8B5CD72A25853F00CCF1BE /* Products */,
			);
			sourceTree = "<group>";
		};
		EB8B5CD72A25853F00CCF1BE /* Products */ = {
			isa = PBXGroup;
			children = (
				EB8B5CD62A25853F00CCF1BE /* UPickiOS.app */,
			);
			name = Products;
			sourceTree = "<group>";
		};
		EB8B5CD82A25853F00CCF1BE /* UPickiOS */ = {
			isa = PBXGroup;
			children = (
				EB8B5CF02A25A4CF00CCF1BE /* Resources */,
				EB8B5CF22A25A50800CCF1BE /* Managers */,
				EB8B5CF12A25A4F700CCF1BE /* APIClient */,
				EB8B5CF52A25A54000CCF1BE /* Models */,
				EB8B5CF32A25A51400CCF1BE /* ViewModels */,
				EB8B5CF42A25A52200CCF1BE /* Views */,
				EB8B5CF62A25A55300CCF1BE /* ViewControllers */,
				EB8B5CEA2A25854000CCF1BE /* Info.plist */,
				EB8B5CE22A25853F00CCF1BE /* UPickiOS.xcdatamodeld */,
			);
			path = UPickiOS;
			sourceTree = "<group>";
		};
		EB8B5CF02A25A4CF00CCF1BE /* Resources */ = {
			isa = PBXGroup;
			children = (
				EB8B5CD92A25853F00CCF1BE /* AppDelegate.swift */,
				EB8B5CDB2A25853F00CCF1BE /* SceneDelegate.swift */,
				EB8B5CE72A25854000CCF1BE /* LaunchScreen.storyboard */,
				EB8B5CE52A25854000CCF1BE /* Assets.xcassets */,
			);
			path = Resources;
			sourceTree = "<group>";
		};
		EB8B5CF12A25A4F700CCF1BE /* APIClient */ = {
			isa = PBXGroup;
			children = (
				EBE2B5012A2BEDD400F40D3E /* UPickRequest.swift */,
				EBE2B5032A2BEE3000F40D3E /* UPickEndPoint.swift */,
				EBE2B5052A2BEED600F40D3E /* UPickService.swift */,
			);
			path = APIClient;
			sourceTree = "<group>";
		};
		EB8B5CF22A25A50800CCF1BE /* Managers */ = {
			isa = PBXGroup;
			children = (
				EBE2B5072A2BEF2300F40D3E /* UPickCacheManager.swift */,
			);
			path = Managers;
			sourceTree = "<group>";
		};
		EB8B5CF32A25A51400CCF1BE /* ViewModels */ = {
			isa = PBXGroup;
			children = (
			);
			path = ViewModels;
			sourceTree = "<group>";
		};
		EB8B5CF42A25A52200CCF1BE /* Views */ = {
			isa = PBXGroup;
			children = (
				EB8B5CDF2A25853F00CCF1BE /* Main.storyboard */,
			);
			path = Views;
			sourceTree = "<group>";
		};
		EB8B5CF52A25A54000CCF1BE /* Models */ = {
			isa = PBXGroup;
			children = (
				EBE2B50D2A2BF5C100F40D3E /* APIResponseModels */,
				EBE2B5092A2BF21300F40D3E /* UPickFarm.swift */,
				EBE2B50B2A2BF46200F40D3E /* UPickPlant.swift */,
			);
			path = Models;
			sourceTree = "<group>";
		};
		EB8B5CF62A25A55300CCF1BE /* ViewControllers */ = {
			isa = PBXGroup;
			children = (
				EBE2B4FF2A2BED7700F40D3E /* HomeViewController.swift */,
			);
			path = ViewControllers;
			sourceTree = "<group>";
		};
		EBE2B50D2A2BF5C100F40D3E /* APIResponseModels */ = {
			isa = PBXGroup;
			children = (
				EBE2B50E2A2BF5E600F40D3E /* UPickListFarmsResponse.swift */,
				EBE2B5102A2BF69A00F40D3E /* UPickListResponseInfo.swift */,
			);
			path = APIResponseModels;
			sourceTree = "<group>";
		};
/* End PBXGroup section */

/* Begin PBXNativeTarget section */
		EB8B5CD52A25853F00CCF1BE /* UPickiOS */ = {
			isa = PBXNativeTarget;
			buildConfigurationList = EB8B5CED2A25854000CCF1BE /* Build configuration list for PBXNativeTarget "UPickiOS" */;
			buildPhases = (
				EB8B5CD22A25853F00CCF1BE /* Sources */,
				EB8B5CD32A25853F00CCF1BE /* Frameworks */,
				EB8B5CD42A25853F00CCF1BE /* Resources */,
			);
			buildRules = (
			);
			dependencies = (
			);
			name = UPickiOS;
			productName = UPickiOS;
			productReference = EB8B5CD62A25853F00CCF1BE /* UPickiOS.app */;
			productType = "com.apple.product-type.application";
		};
/* End PBXNativeTarget section */

/* Begin PBXProject section */
		EB8B5CCE2A25853F00CCF1BE /* Project object */ = {
			isa = PBXProject;
			attributes = {
				BuildIndependentTargetsInParallel = 1;
				LastSwiftUpdateCheck = 1420;
				LastUpgradeCheck = 1420;
				TargetAttributes = {
					EB8B5CD52A25853F00CCF1BE = {
						CreatedOnToolsVersion = 14.2;
					};
				};
			};
			buildConfigurationList = EB8B5CD12A25853F00CCF1BE /* Build configuration list for PBXProject "UPickiOS" */;
			compatibilityVersion = "Xcode 14.0";
			developmentRegion = en;
			hasScannedForEncodings = 0;
			knownRegions = (
				en,
				Base,
			);
			mainGroup = EB8B5CCD2A25853F00CCF1BE;
			productRefGroup = EB8B5CD72A25853F00CCF1BE /* Products */;
			projectDirPath = "";
			projectRoot = "";
			targets = (
				EB8B5CD52A25853F00CCF1BE /* UPickiOS */,
			);
		};
/* End PBXProject section */

/* Begin PBXResourcesBuildPhase section */
		EB8B5CD42A25853F00CCF1BE /* Resources */ = {
			isa = PBXResourcesBuildPhase;
			buildActionMask = 2147483647;
			files = (
				EB8B5CE92A25854000CCF1BE /* LaunchScreen.storyboard in Resources */,
				EB8B5CE62A25854000CCF1BE /* Assets.xcassets in Resources */,
				EB8B5CE12A25853F00CCF1BE /* Main.storyboard in Resources */,
			);
			runOnlyForDeploymentPostprocessing = 0;
		};
/* End PBXResourcesBuildPhase section */

/* Begin PBXSourcesBuildPhase section */
		EB8B5CD22A25853F00CCF1BE /* Sources */ = {
			isa = PBXSourcesBuildPhase;
			buildActionMask = 2147483647;
			files = (
				EBE2B50C2A2BF46200F40D3E /* UPickPlant.swift in Sources */,
				EB8B5CE42A25853F00CCF1BE /* UPickiOS.xcdatamodeld in Sources */,
				EBE2B5062A2BEED600F40D3E /* UPickService.swift in Sources */,
				EBE2B5042A2BEE3000F40D3E /* UPickEndPoint.swift in Sources */,
				EBE2B5022A2BEDD400F40D3E /* UPickRequest.swift in Sources */,
				EBE2B5112A2BF69A00F40D3E /* UPickListResponseInfo.swift in Sources */,
				EB8B5CDA2A25853F00CCF1BE /* AppDelegate.swift in Sources */,
				EBE2B50F2A2BF5E600F40D3E /* UPickListFarmsResponse.swift in Sources */,
				EBE2B5082A2BEF2300F40D3E /* UPickCacheManager.swift in Sources */,
				EB8B5CDC2A25853F00CCF1BE /* SceneDelegate.swift in Sources */,
				EBE2B5002A2BED7700F40D3E /* HomeViewController.swift in Sources */,
				EBE2B50A2A2BF21300F40D3E /* UPickFarm.swift in Sources */,
			);
			runOnlyForDeploymentPostprocessing = 0;
		};
/* End PBXSourcesBuildPhase section */

/* Begin PBXVariantGroup section */
		EB8B5CDF2A25853F00CCF1BE /* Main.storyboard */ = {
			isa = PBXVariantGroup;
			children = (
				EB8B5CE02A25853F00CCF1BE /* Base */,
			);
			name = Main.storyboard;
			sourceTree = "<group>";
		};
		EB8B5CE72A25854000CCF1BE /* LaunchScreen.storyboard */ = {
			isa = PBXVariantGroup;
			children = (
				EB8B5CE82A25854000CCF1BE /* Base */,
			);
			name = LaunchScreen.storyboard;
			sourceTree = "<group>";
		};
/* End PBXVariantGroup section */

/* Begin XCBuildConfiguration section */
		EB8B5CEB2A25854000CCF1BE /* Debug */ = {
			isa = XCBuildConfiguration;
			buildSettings = {
				ALWAYS_SEARCH_USER_PATHS = NO;
				CLANG_ANALYZER_NONNULL = YES;
				CLANG_ANALYZER_NUMBER_OBJECT_CONVERSION = YES_AGGRESSIVE;
				CLANG_CXX_LANGUAGE_STANDARD = "gnu++20";
				CLANG_ENABLE_MODULES = YES;
				CLANG_ENABLE_OBJC_ARC = YES;
				CLANG_ENABLE_OBJC_WEAK = YES;
				CLANG_WARN_BLOCK_CAPTURE_AUTORELEASING = YES;
				CLANG_WARN_BOOL_CONVERSION = YES;
				CLANG_WARN_COMMA = YES;
				CLANG_WARN_CONSTANT_CONVERSION = YES;
				CLANG_WARN_DEPRECATED_OBJC_IMPLEMENTATIONS = YES;
				CLANG_WARN_DIRECT_OBJC_ISA_USAGE = YES_ERROR;
				CLANG_WARN_DOCUMENTATION_COMMENTS = YES;
				CLANG_WARN_EMPTY_BODY = YES;
				CLANG_WARN_ENUM_CONVERSION = YES;
				CLANG_WARN_INFINITE_RECURSION = YES;
				CLANG_WARN_INT_CONVERSION = YES;
				CLANG_WARN_NON_LITERAL_NULL_CONVERSION = YES;
				CLANG_WARN_OBJC_IMPLICIT_RETAIN_SELF = YES;
				CLANG_WARN_OBJC_LITERAL_CONVERSION = YES;
				CLANG_WARN_OBJC_ROOT_CLASS = YES_ERROR;
				CLANG_WARN_QUOTED_INCLUDE_IN_FRAMEWORK_HEADER = YES;
				CLANG_WARN_RANGE_LOOP_ANALYSIS = YES;
				CLANG_WARN_STRICT_PROTOTYPES = YES;
				CLANG_WARN_SUSPICIOUS_MOVE = YES;
				CLANG_WARN_UNGUARDED_AVAILABILITY = YES_AGGRESSIVE;
				CLANG_WARN_UNREACHABLE_CODE = YES;
				CLANG_WARN__DUPLICATE_METHOD_MATCH = YES;
				COPY_PHASE_STRIP = NO;
				DEBUG_INFORMATION_FORMAT = dwarf;
				ENABLE_STRICT_OBJC_MSGSEND = YES;
				ENABLE_TESTABILITY = YES;
				GCC_C_LANGUAGE_STANDARD = gnu11;
				GCC_DYNAMIC_NO_PIC = NO;
				GCC_NO_COMMON_BLOCKS = YES;
				GCC_OPTIMIZATION_LEVEL = 0;
				GCC_PREPROCESSOR_DEFINITIONS = (
					"DEBUG=1",
					"$(inherited)",
				);
				GCC_WARN_64_TO_32_BIT_CONVERSION = YES;
				GCC_WARN_ABOUT_RETURN_TYPE = YES_ERROR;
				GCC_WARN_UNDECLARED_SELECTOR = YES;
				GCC_WARN_UNINITIALIZED_AUTOS = YES_AGGRESSIVE;
				GCC_WARN_UNUSED_FUNCTION = YES;
				GCC_WARN_UNUSED_VARIABLE = YES;
				IPHONEOS_DEPLOYMENT_TARGET = 16.2;
				MTL_ENABLE_DEBUG_INFO = INCLUDE_SOURCE;
				MTL_FAST_MATH = YES;
				ONLY_ACTIVE_ARCH = YES;
				SDKROOT = iphoneos;
				SWIFT_ACTIVE_COMPILATION_CONDITIONS = DEBUG;
				SWIFT_OPTIMIZATION_LEVEL = "-Onone";
			};
			name = Debug;
		};
		EB8B5CEC2A25854000CCF1BE /* Release */ = {
			isa = XCBuildConfiguration;
			buildSettings = {
				ALWAYS_SEARCH_USER_PATHS = NO;
				CLANG_ANALYZER_NONNULL = YES;
				CLANG_ANALYZER_NUMBER_OBJECT_CONVERSION = YES_AGGRESSIVE;
				CLANG_CXX_LANGUAGE_STANDARD = "gnu++20";
				CLANG_ENABLE_MODULES = YES;
				CLANG_ENABLE_OBJC_ARC = YES;
				CLANG_ENABLE_OBJC_WEAK = YES;
				CLANG_WARN_BLOCK_CAPTURE_AUTORELEASING = YES;
				CLANG_WARN_BOOL_CONVERSION = YES;
				CLANG_WARN_COMMA = YES;
				CLANG_WARN_CONSTANT_CONVERSION = YES;
				CLANG_WARN_DEPRECATED_OBJC_IMPLEMENTATIONS = YES;
				CLANG_WARN_DIRECT_OBJC_ISA_USAGE = YES_ERROR;
				CLANG_WARN_DOCUMENTATION_COMMENTS = YES;
				CLANG_WARN_EMPTY_BODY = YES;
				CLANG_WARN_ENUM_CONVERSION = YES;
				CLANG_WARN_INFINITE_RECURSION = YES;
				CLANG_WARN_INT_CONVERSION = YES;
				CLANG_WARN_NON_LITERAL_NULL_CONVERSION = YES;
				CLANG_WARN_OBJC_IMPLICIT_RETAIN_SELF = YES;
				CLANG_WARN_OBJC_LITERAL_CONVERSION = YES;
				CLANG_WARN_OBJC_ROOT_CLASS = YES_ERROR;
				CLANG_WARN_QUOTED_INCLUDE_IN_FRAMEWORK_HEADER = YES;
				CLANG_WARN_RANGE_LOOP_ANALYSIS = YES;
				CLANG_WARN_STRICT_PROTOTYPES = YES;
				CLANG_WARN_SUSPICIOUS_MOVE = YES;
				CLANG_WARN_UNGUARDED_AVAILABILITY = YES_AGGRESSIVE;
				CLANG_WARN_UNREACHABLE_CODE = YES;
				CLANG_WARN__DUPLICATE_METHOD_MATCH = YES;
				COPY_PHASE_STRIP = NO;
				DEBUG_INFORMATION_FORMAT = "dwarf-with-dsym";
				ENABLE_NS_ASSERTIONS = NO;
				ENABLE_STRICT_OBJC_MSGSEND = YES;
				GCC_C_LANGUAGE_STANDARD = gnu11;
				GCC_NO_COMMON_BLOCKS = YES;
				GCC_WARN_64_TO_32_BIT_CONVERSION = YES;
				GCC_WARN_ABOUT_RETURN_TYPE = YES_ERROR;
				GCC_WARN_UNDECLARED_SELECTOR = YES;
				GCC_WARN_UNINITIALIZED_AUTOS = YES_AGGRESSIVE;
				GCC_WARN_UNUSED_FUNCTION = YES;
				GCC_WARN_UNUSED_VARIABLE = YES;
				IPHONEOS_DEPLOYMENT_TARGET = 16.2;
				MTL_ENABLE_DEBUG_INFO = NO;
				MTL_FAST_MATH = YES;
				SDKROOT = iphoneos;
				SWIFT_COMPILATION_MODE = wholemodule;
				SWIFT_OPTIMIZATION_LEVEL = "-O";
				VALIDATE_PRODUCT = YES;
			};
			name = Release;
		};
		EB8B5CEE2A25854000CCF1BE /* Debug */ = {
			isa = XCBuildConfiguration;
			buildSettings = {
				ASSETCATALOG_COMPILER_APPICON_NAME = AppIcon;
				ASSETCATALOG_COMPILER_GLOBAL_ACCENT_COLOR_NAME = AccentColor;
				CODE_SIGN_STYLE = Automatic;
				CURRENT_PROJECT_VERSION = 1;
				DEVELOPMENT_TEAM = 2D4GYA53A2;
				GENERATE_INFOPLIST_FILE = YES;
				INFOPLIST_FILE = UPickiOS/Info.plist;
				INFOPLIST_KEY_UIApplicationSupportsIndirectInputEvents = YES;
				INFOPLIST_KEY_UILaunchStoryboardName = LaunchScreen;
				INFOPLIST_KEY_UIMainStoryboardFile = Main;
				INFOPLIST_KEY_UISupportedInterfaceOrientations_iPad = "UIInterfaceOrientationPortrait UIInterfaceOrientationPortraitUpsideDown UIInterfaceOrientationLandscapeLeft UIInterfaceOrientationLandscapeRight";
				INFOPLIST_KEY_UISupportedInterfaceOrientations_iPhone = "UIInterfaceOrientationPortrait UIInterfaceOrientationLandscapeLeft UIInterfaceOrientationLandscapeRight";
				LD_RUNPATH_SEARCH_PATHS = (
					"$(inherited)",
					"@executable_path/Frameworks",
				);
				MARKETING_VERSION = 1.0;
				PRODUCT_BUNDLE_IDENTIFIER = "abdallah.abusamaha-gmail.com.UPickiOS";
				PRODUCT_NAME = "$(TARGET_NAME)";
				SWIFT_EMIT_LOC_STRINGS = YES;
				SWIFT_VERSION = 5.0;
				TARGETED_DEVICE_FAMILY = "1,2";
			};
			name = Debug;
		};
		EB8B5CEF2A25854000CCF1BE /* Release */ = {
			isa = XCBuildConfiguration;
			buildSettings = {
				ASSETCATALOG_COMPILER_APPICON_NAME = AppIcon;
				ASSETCATALOG_COMPILER_GLOBAL_ACCENT_COLOR_NAME = AccentColor;
				CODE_SIGN_STYLE = Automatic;
				CURRENT_PROJECT_VERSION = 1;
				DEVELOPMENT_TEAM = 2D4GYA53A2;
				GENERATE_INFOPLIST_FILE = YES;
				INFOPLIST_FILE = UPickiOS/Info.plist;
				INFOPLIST_KEY_UIApplicationSupportsIndirectInputEvents = YES;
				INFOPLIST_KEY_UILaunchStoryboardName = LaunchScreen;
				INFOPLIST_KEY_UIMainStoryboardFile = Main;
				INFOPLIST_KEY_UISupportedInterfaceOrientations_iPad = "UIInterfaceOrientationPortrait UIInterfaceOrientationPortraitUpsideDown UIInterfaceOrientationLandscapeLeft UIInterfaceOrientationLandscapeRight";
				INFOPLIST_KEY_UISupportedInterfaceOrientations_iPhone = "UIInterfaceOrientationPortrait UIInterfaceOrientationLandscapeLeft UIInterfaceOrientationLandscapeRight";
				LD_RUNPATH_SEARCH_PATHS = (
					"$(inherited)",
					"@executable_path/Frameworks",
				);
				MARKETING_VERSION = 1.0;
				PRODUCT_BUNDLE_IDENTIFIER = "abdallah.abusamaha-gmail.com.UPickiOS";
				PRODUCT_NAME = "$(TARGET_NAME)";
				SWIFT_EMIT_LOC_STRINGS = YES;
				SWIFT_VERSION = 5.0;
				TARGETED_DEVICE_FAMILY = "1,2";
			};
			name = Release;
		};
/* End XCBuildConfiguration section */

/* Begin XCConfigurationList section */
		EB8B5CD12A25853F00CCF1BE /* Build configuration list for PBXProject "UPickiOS" */ = {
			isa = XCConfigurationList;
			buildConfigurations = (
				EB8B5CEB2A25854000CCF1BE /* Debug */,
				EB8B5CEC2A25854000CCF1BE /* Release */,
			);
			defaultConfigurationIsVisible = 0;
			defaultConfigurationName = Release;
		};
		EB8B5CED2A25854000CCF1BE /* Build configuration list for PBXNativeTarget "UPickiOS" */ = {
			isa = XCConfigurationList;
			buildConfigurations = (
				EB8B5CEE2A25854000CCF1BE /* Debug */,
				EB8B5CEF2A25854000CCF1BE /* Release */,
			);
			defaultConfigurationIsVisible = 0;
			defaultConfigurationName = Release;
		};
/* End XCConfigurationList section */

/* Begin XCVersionGroup section */
		EB8B5CE22A25853F00CCF1BE /* UPickiOS.xcdatamodeld */ = {
			isa = XCVersionGroup;
			children = (
				EB8B5CE32A25853F00CCF1BE /* UPickiOS.xcdatamodel */,
			);
			currentVersion = EB8B5CE32A25853F00CCF1BE /* UPickiOS.xcdatamodel */;
			path = UPickiOS.xcdatamodeld;
			sourceTree = "<group>";
			versionGroupType = wrapper.xcdatamodel;
		};
/* End XCVersionGroup section */
	};
	rootObject = EB8B5CCE2A25853F00CCF1BE /* Project object */;
}
